github.com/ethereum/go-ethereum v1.16.2 h1:VDHqj86DaQiMpnMgc7l0rwZTg0FRmlz74yupSG5SnzI=
github.com/ethereum/go-ethereum v1.16.2/go.mod h1:X5CIOyo8SuK1Q5GnaEizQVLHT/DfsiGWuNeVdQcEMNA=
github.com/mattn/go-sqlite3 v1.14.32 h1:JD12Ag3oLy1zQA+BNn74xRgaBbdhbNIDYvQUEuuErjs=
github.com/mattn/go-sqlite3 v1.14.32/go.mod h1:Uh1q+B4BYcTPb+yiD3kU8Ct7aC0hY9fxUwlHK0RXw+Y=
