# THIS IS AN AUTOGENERATED FILE. DO NOT EDIT THIS FILE DIRECTLY.
# yarn lockfile v1


kvin@1.2.13:
  version "1.2.13"
  resolved "https://registry.yarnpkg.com/kvin/-/kvin-1.2.13.tgz#02cfa0856fdc931e3a05d63b5a823091c2190978"
  integrity sha512-mKY3ViTSgJ8k1u6ozT1OUZ8rjT/ERpIDyKASJgBDShIjz3/GYLjQc2RrOxhMlMSQ48v0/Rr7il2c94Gf45C11A==
